PODS:
  - Bolts (1.2.2):
    - Bolts/AppLinks (= 1.2.2)
    - Bolts/Tasks (= 1.2.2)
  - Bolts/AppLinks (1.2.2):
    - Bolts/Tasks
  - Bolts/Tasks (1.2.2)
  - Branch (0.10.9)
  - CMDQueryStringSerialization (0.2.0)
  - CocoaLumberjack (2.0.1):
    - CocoaLumberjack/Default (= 2.0.1)
    - CocoaLumberjack/Extensions (= 2.0.1)
  - CocoaLumberjack/Core (2.0.1)
  - CocoaLumberjack/Default (2.0.1):
    - CocoaLumberjack/Core
  - CocoaLumberjack/Extensions (2.0.1):
    - CocoaLumberjack/Default
  - CTAssetsPickerController (3.0.3):
    - PureLayout (~> 2.0.0)
  - FBSDKCoreKit (4.6.0):
    - Bolts (~> 1.1)
    - FBSDKCoreKit/arc (= 4.6.0)
    - FBSDKCoreKit/no-arc (= 4.6.0)
  - FBSDKCoreKit/arc (4.6.0):
    - Bolts (~> 1.1)
  - FBSDKCoreKit/no-arc (4.6.0):
    - Bolts (~> 1.1)
    - FBSDKCoreKit/arc
  - FBSDKLoginKit (4.6.0):
    - FBSDKCoreKit
  - InfinitePagingView (0.0.1)
  - JSQMessagesViewController (7.2.0):
    - JSQSystemSoundPlayer (~> 2.0.1)
  - JSQSystemSoundPlayer (2.0.1)
  - JVFloatLabeledTextField (1.1.0)
  - MBProgressHUD (0.9.1)
  - MSCellAccessory (1.1.2)
  - Parse (1.8.3):
    - Bolts/Tasks (>= 1.2.2)
  - ParseCrashReporting (1.8.3):
    - Bolts/Tasks (>= 1.2.2)
    - Parse (~> 1.8.3)
  - ParseFacebookUtilsV4 (1.8.3):
    - Bolts/Tasks (>= 1.2.2)
    - FBSDKCoreKit (~> 4.0)
    - FBSDKLoginKit (~> 4.0)
    - Parse (~> 1.8.3)
  - ParseUI (1.1.6):
    - Bolts/Tasks (~> 1.2)
    - Parse (~> 1.8)
  - PureLayout (2.0.6)
  - RCSLabeledIconButton (1.0)
  - SAMTextView (0.2.2)
  - SSKeychain (1.2.3)
  - TPKeyboardAvoiding (1.2.9)
  - VENCore (3.0.1):
    - CMDQueryStringSerialization (~> 0.2.0)
  - Venmo-iOS-SDK (1.3.0):
    - CMDQueryStringSerialization (~> 0.2.0)
    - SSKeychain (~> 1.2.2)
    - VENCore (~> 3.0.0)

DEPENDENCIES:
  - Branch (= 0.10.9)
  - CocoaLumberjack
  - CTAssetsPickerController
  - FBSDKCoreKit
  - FBSDKLoginKit
  - InfinitePagingView
  - JSQMessagesViewController (from `https://github.com/jessesquires/JSQMessagesViewController.git`,
    branch `develop`)
  - JVFloatLabeledTextField
  - MBProgressHUD
  - MSCellAccessory
  - Parse
  - ParseCrashReporting
  - ParseFacebookUtilsV4
  - ParseUI
  - RCSLabeledIconButton
  - SAMTextView
  - TPKeyboardAvoiding
  - Venmo-iOS-SDK

EXTERNAL SOURCES:
  JSQMessagesViewController:
    :branch: develop
    :git: https://github.com/jessesquires/JSQMessagesViewController.git

CHECKOUT OPTIONS:
  JSQMessagesViewController:
    :commit: f65b452b934d5cca52a65c25a02ec9bf76418bff
    :git: https://github.com/jessesquires/JSQMessagesViewController.git

SPEC CHECKSUMS:
  Bolts: 20a2bd788273360cb1e31530dc19b8544eef2544
  Branch: 024a0c5848303eb82b8aa139822e07e0724f7fdc
  CMDQueryStringSerialization: 15f9004212bbc72533bb533f63df79d90a00a7d8
  CocoaLumberjack: 019d1361244274a6138c788c6cb80baabc13fb8f
  CTAssetsPickerController: 4673b4b22347325723a4dace00e4bd856c64529b
  FBSDKCoreKit: 9954492d90c5fd65ae831395697a1660360d61f1
  FBSDKLoginKit: 3d07febbfa884b9878cacba54f705bb41f07d4b6
  InfinitePagingView: 2d9876c6171274b59d7128c0fcacb4ab492313f2
  JSQMessagesViewController: 73cab48aa92fc2d512f3b6724f3425cc47a19eb5
  JSQSystemSoundPlayer: c5850e77a4363ffd374cd851154b9af93264ed8d
  JVFloatLabeledTextField: ea4a3d8387ddd43724c472bb2b8ab39b79af05d4
  MBProgressHUD: c47f2c166c126cf2ce36498d80f33e754d4e93ad
  MSCellAccessory: 8265f3cd2386c1f372da00232472605ab11426e4
  Parse: 4b251ac63b76d12b334a32579cc3b174446f0c39
  ParseCrashReporting: a75141b43e244e32ddb2a6a89c7b3d82d6590fda
  ParseFacebookUtilsV4: 603b78d4122642f3cdff5eee5b7b90e8d81b1e0c
  ParseUI: 8a22e448c03f825203d8c379c80523517f68baa3
  PureLayout: f25f0bb904d5ccfe6e31da3cb869185259f02e0d
  RCSLabeledIconButton: db3351c731645016217e591f4a8a835c6524d277
  SAMTextView: 979c43bb1fa5859ddfbfeb35e9c296a2b0ec55fd
  SSKeychain: 3f42991739c6c60a9cf1bbd4dff6c0d3694bcf3d
  TPKeyboardAvoiding: ff1ee4e5a5a0c119b965552af8f183868ea20207
  VENCore: 7adedc7c0e65e3ba922cc21c35f3d0e133d43df7
  Venmo-iOS-SDK: 456097c6df57544362719ea8db01541953aec44d

COCOAPODS: 0.37.2
